// !$*UTF8*$!
{
	archiveVersion = 1;
	classes = {
	};
	objectVersion = 56;
	objects = {

/* Begin PBXBuildFile section */
		A10001 /* WhatsInTheBoxApp.swift in Sources */ = {isa = PBXBuildFile; fileRef = B10001; };
		A10002 /* ContentView.swift in Sources */ = {isa = PBXBuildFile; fileRef = B10002; };
		A10003 /* StorageModels.swift in Sources */ = {isa = PBXBuildFile; fileRef = B10003; };
		A10004 /* SupabaseService.swift in Sources */ = {isa = PBXBuildFile; fileRef = B10004; };
		A10005 /* Config.swift in Sources */ = {isa = PBXBuildFile; fileRef = B10005; };
		A10006 /* StorageManager.swift in Sources */ = {isa = PBXBuildFile; fileRef = B10006; };
		A10007 /* SpaceDetailView.swift in Sources */ = {isa = PBXBuildFile; fileRef = B10007; };
		A10008 /* StorageSceneView.swift in Sources */ = {isa = PBXBuildFile; fileRef = B10008; };
		A10009 /* BoxListView.swift in Sources */ = {isa = PBXBuildFile; fileRef = B10009; };
		A10010 /* BoxDetailView.swift in Sources */ = {isa = PBXBuildFile; fileRef = B10010; };
		A10011 /* AddSpaceView.swift in Sources */ = {isa = PBXBuildFile; fileRef = B10011; };
		A10012 /* AddBoxView.swift in Sources */ = {isa = PBXBuildFile; fileRef = B10012; };
		A10013 /* AddItemView.swift in Sources */ = {isa = PBXBuildFile; fileRef = B10013; };
		A10014 /* Assets.xcassets in Resources */ = {isa = PBXBuildFile; fileRef = B10014; };
		A10015 /* Preview Assets.xcassets in Resources */ = {isa = PBXBuildFile; fileRef = B10015; };
		A10020 /* Supabase in Frameworks */ = {isa = PBXBuildFile; productRef = D10001; };
		A10030 /* FamilyModels.swift in Sources */ = {isa = PBXBuildFile; fileRef = B10030; };
		A10031 /* AuthManager.swift in Sources */ = {isa = PBXBuildFile; fileRef = B10031; };
		A10032 /* AuthView.swift in Sources */ = {isa = PBXBuildFile; fileRef = B10032; };
		A10033 /* FamilySetupView.swift in Sources */ = {isa = PBXBuildFile; fileRef = B10033; };
		A10034 /* AddLocationView.swift in Sources */ = {isa = PBXBuildFile; fileRef = B10034; };
/* End PBXBuildFile section */

/* Begin PBXFileReference section */
		B10001 /* WhatsInTheBoxApp.swift */ = {isa = PBXFileReference; lastKnownFileType = sourcecode.swift; path = WhatsInTheBoxApp.swift; sourceTree = "<group>"; };
		B10002 /* ContentView.swift */ = {isa = PBXFileReference; lastKnownFileType = sourcecode.swift; path = ContentView.swift; sourceTree = "<group>"; };
		B10003 /* StorageModels.swift */ = {isa = PBXFileReference; lastKnownFileType = sourcecode.swift; path = StorageModels.swift; sourceTree = "<group>"; };
		B10004 /* SupabaseService.swift */ = {isa = PBXFileReference; lastKnownFileType = sourcecode.swift; path = SupabaseService.swift; sourceTree = "<group>"; };
		B10005 /* Config.swift */ = {isa = PBXFileReference; lastKnownFileType = sourcecode.swift; path = Config.swift; sourceTree = "<group>"; };
		B10006 /* StorageManager.swift */ = {isa = PBXFileReference; lastKnownFileType = sourcecode.swift; path = StorageManager.swift; sourceTree = "<group>"; };
		B10007 /* SpaceDetailView.swift */ = {isa = PBXFileReference; lastKnownFileType = sourcecode.swift; path = SpaceDetailView.swift; sourceTree = "<group>"; };
		B10008 /* StorageSceneView.swift */ = {isa = PBXFileReference; lastKnownFileType = sourcecode.swift; path = StorageSceneView.swift; sourceTree = "<group>"; };
		B10009 /* BoxListView.swift */ = {isa = PBXFileReference; lastKnownFileType = sourcecode.swift; path = BoxListView.swift; sourceTree = "<group>"; };
		B10010 /* BoxDetailView.swift */ = {isa = PBXFileReference; lastKnownFileType = sourcecode.swift; path = BoxDetailView.swift; sourceTree = "<group>"; };
		B10011 /* AddSpaceView.swift */ = {isa = PBXFileReference; lastKnownFileType = sourcecode.swift; path = AddSpaceView.swift; sourceTree = "<group>"; };
		B10012 /* AddBoxView.swift */ = {isa = PBXFileReference; lastKnownFileType = sourcecode.swift; path = AddBoxView.swift; sourceTree = "<group>"; };
		B10013 /* AddItemView.swift */ = {isa = PBXFileReference; lastKnownFileType = sourcecode.swift; path = AddItemView.swift; sourceTree = "<group>"; };
		B10014 /* Assets.xcassets */ = {isa = PBXFileReference; lastKnownFileType = folder.assetcatalog; path = Assets.xcassets; sourceTree = "<group>"; };
		B10015 /* Preview Assets.xcassets */ = {isa = PBXFileReference; lastKnownFileType = folder.assetcatalog; path = "Preview Assets.xcassets"; sourceTree = "<group>"; };
		C10001 /* WhatsInTheBox.app */ = {isa = PBXFileReference; explicitFileType = wrapper.application; includeInIndex = 0; path = WhatsInTheBox.app; sourceTree = BUILT_PRODUCTS_DIR; };
		B10030 /* FamilyModels.swift */ = {isa = PBXFileReference; lastKnownFileType = sourcecode.swift; path = FamilyModels.swift; sourceTree = "<group>"; };
		B10031 /* AuthManager.swift */ = {isa = PBXFileReference; lastKnownFileType = sourcecode.swift; path = AuthManager.swift; sourceTree = "<group>"; };
		B10032 /* AuthView.swift */ = {isa = PBXFileReference; lastKnownFileType = sourcecode.swift; path = AuthView.swift; sourceTree = "<group>"; };
		B10033 /* FamilySetupView.swift */ = {isa = PBXFileReference; lastKnownFileType = sourcecode.swift; path = FamilySetupView.swift; sourceTree = "<group>"; };
		B10034 /* AddLocationView.swift */ = {isa = PBXFileReference; lastKnownFileType = sourcecode.swift; path = AddLocationView.swift; sourceTree = "<group>"; };
/* End PBXFileReference section */

/* Begin PBXFrameworksBuildPhase section */
		E10001 /* Frameworks */ = {
			isa = PBXFrameworksBuildPhase;
			buildActionMask = 2147483647;
			files = (
				A10020 /* Supabase in Frameworks */,
			);
			runOnlyForDeploymentPostprocessing = 0;
		};
/* End PBXFrameworksBuildPhase section */

/* Begin PBXGroup section */
		G10001 = {
			isa = PBXGroup;
			children = (
				G10002 /* WhatsInTheBox */,
				G10006 /* Products */,
			);
			sourceTree = "<group>";
		};
		G10002 /* WhatsInTheBox */ = {
			isa = PBXGroup;
			children = (
				B10001 /* WhatsInTheBoxApp.swift */,
				G10003 /* Models */,
				G10004 /* Views */,
				G10005 /* Services */,
				B10014 /* Assets.xcassets */,
				G10007 /* Preview Content */,
			);
			path = WhatsInTheBox;
			sourceTree = "<group>";
		};
		G10003 /* Models */ = {
			isa = PBXGroup;
			children = (
				B10003 /* StorageModels.swift */,
				B10030 /* FamilyModels.swift */,
			);
			path = Models;
			sourceTree = "<group>";
		};
		G10004 /* Views */ = {
			isa = PBXGroup;
			children = (
				B10032 /* AuthView.swift */,
				B10033 /* FamilySetupView.swift */,
				B10002 /* ContentView.swift */,
				B10007 /* SpaceDetailView.swift */,
				B10008 /* StorageSceneView.swift */,
				B10009 /* BoxListView.swift */,
				B10010 /* BoxDetailView.swift */,
				B10011 /* AddSpaceView.swift */,
				B10012 /* AddBoxView.swift */,
				B10013 /* AddItemView.swift */,
				B10034 /* AddLocationView.swift */,
			);
			path = Views;
			sourceTree = "<group>";
		};
		G10005 /* Services */ = {
			isa = PBXGroup;
			children = (
				B10004 /* SupabaseService.swift */,
				B10005 /* Config.swift */,
				B10006 /* StorageManager.swift */,
				B10031 /* AuthManager.swift */,
			);
			path = Services;
			sourceTree = "<group>";
		};
		G10006 /* Products */ = {
			isa = PBXGroup;
			children = (
				C10001 /* WhatsInTheBox.app */,
			);
			name = Products;
			sourceTree = "<group>";
		};
		G10007 /* Preview Content */ = {
			isa = PBXGroup;
			children = (
				B10015 /* Preview Assets.xcassets */,
			);
			path = "Preview Content";
			sourceTree = "<group>";
		};
/* End PBXGroup section */

/* Begin PBXNativeTarget section */
		T10001 /* WhatsInTheBox */ = {
			isa = PBXNativeTarget;
			buildConfigurationList = X10003;
			buildPhases = (
				E10002 /* Sources */,
				E10001 /* Frameworks */,
				E10003 /* Resources */,
			);
			buildRules = (
			);
			dependencies = (
			);
			name = WhatsInTheBox;
			packageProductDependencies = (
				D10001 /* Supabase */,
			);
			productName = WhatsInTheBox;
			productReference = C10001 /* WhatsInTheBox.app */;
			productType = "com.apple.product-type.application";
		};
/* End PBXNativeTarget section */

/* Begin PBXProject section */
		P10001 /* Project object */ = {
			isa = PBXProject;
			attributes = {
				BuildIndependentTargetsInParallel = 1;
				LastSwiftUpdateCheck = 1600;
				LastUpgradeCheck = 1600;
				TargetAttributes = {
					T10001 = {
						CreatedOnToolsVersion = 16.0;
					};
				};
			};
			buildConfigurationList = X10001;
			compatibilityVersion = "Xcode 14.0";
			developmentRegion = en;
			hasScannedForEncodings = 0;
			knownRegions = (
				en,
				Base,
			);
			mainGroup = G10001;
			packageReferences = (
				R10001 /* XCRemoteSwiftPackageReference "supabase-swift" */,
			);
			productRefGroup = G10006 /* Products */;
			projectDirPath = "";
			projectRoot = "";
			targets = (
				T10001 /* WhatsInTheBox */,
			);
		};
/* End PBXProject section */

/* Begin PBXResourcesBuildPhase section */
		E10003 /* Resources */ = {
			isa = PBXResourcesBuildPhase;
			buildActionMask = 2147483647;
			files = (
				A10014 /* Assets.xcassets in Resources */,
				A10015 /* Preview Assets.xcassets in Resources */,
			);
			runOnlyForDeploymentPostprocessing = 0;
		};
/* End PBXResourcesBuildPhase section */

/* Begin PBXSourcesBuildPhase section */
		E10002 /* Sources */ = {
			isa = PBXSourcesBuildPhase;
			buildActionMask = 2147483647;
			files = (
				A10001 /* WhatsInTheBoxApp.swift in Sources */,
				A10002 /* ContentView.swift in Sources */,
				A10003 /* StorageModels.swift in Sources */,
				A10004 /* SupabaseService.swift in Sources */,
				A10005 /* Config.swift in Sources */,
				A10006 /* StorageManager.swift in Sources */,
				A10007 /* SpaceDetailView.swift in Sources */,
				A10008 /* StorageSceneView.swift in Sources */,
				A10009 /* BoxListView.swift in Sources */,
				A10010 /* BoxDetailView.swift in Sources */,
				A10011 /* AddSpaceView.swift in Sources */,
				A10012 /* AddBoxView.swift in Sources */,
				A10013 /* AddItemView.swift in Sources */,
				A10030 /* FamilyModels.swift in Sources */,
				A10031 /* AuthManager.swift in Sources */,
				A10032 /* AuthView.swift in Sources */,
				A10033 /* FamilySetupView.swift in Sources */,
				A10034 /* AddLocationView.swift in Sources */,
			);
			runOnlyForDeploymentPostprocessing = 0;
		};
/* End PBXSourcesBuildPhase section */

/* Begin XCBuildConfiguration section */
		BC1001 /* Debug */ = {
			isa = XCBuildConfiguration;
			buildSettings = {
				ALWAYS_SEARCH_USER_PATHS = NO;
				ASSETCATALOG_COMPILER_GENERATE_SWIFT_ASSET_SYMBOL_EXTENSIONS = YES;
				CLANG_ANALYZER_NONNULL = YES;
				CLANG_CXX_LANGUAGE_STANDARD = "gnu++20";
				CLANG_ENABLE_MODULES = YES;
				CLANG_ENABLE_OBJC_ARC = YES;
				COPY_PHASE_STRIP = NO;
				DEBUG_INFORMATION_FORMAT = dwarf;
				ENABLE_STRICT_OBJC_MSGSEND = YES;
				ENABLE_TESTABILITY = YES;
				GCC_DYNAMIC_NO_PIC = NO;
				GCC_OPTIMIZATION_LEVEL = 0;
				GCC_PREPROCESSOR_DEFINITIONS = (
					"DEBUG=1",
					"$(inherited)",
				);
				GCC_WARN_ABOUT_RETURN_TYPE = YES_ERROR;
				GCC_WARN_UNINITIALIZED_AUTOS = YES_AGGRESSIVE;
				IPHONEOS_DEPLOYMENT_TARGET = 17.0;
				MTL_ENABLE_DEBUG_INFO = INCLUDE_SOURCE;
				ONLY_ACTIVE_ARCH = YES;
				SDKROOT = iphoneos;
				SWIFT_ACTIVE_COMPILATION_CONDITIONS = "$(inherited) DEBUG";
				SWIFT_OPTIMIZATION_LEVEL = "-Onone";
			};
			name = Debug;
		};
		BC1002 /* Release */ = {
			isa = XCBuildConfiguration;
			buildSettings = {
				ALWAYS_SEARCH_USER_PATHS = NO;
				ASSETCATALOG_COMPILER_GENERATE_SWIFT_ASSET_SYMBOL_EXTENSIONS = YES;
				CLANG_ANALYZER_NONNULL = YES;
				CLANG_CXX_LANGUAGE_STANDARD = "gnu++20";
				CLANG_ENABLE_MODULES = YES;
				CLANG_ENABLE_OBJC_ARC = YES;
				COPY_PHASE_STRIP = NO;
				DEBUG_INFORMATION_FORMAT = "dwarf-with-dsym";
				ENABLE_NS_ASSERTIONS = NO;
				ENABLE_STRICT_OBJC_MSGSEND = YES;
				GCC_WARN_ABOUT_RETURN_TYPE = YES_ERROR;
				GCC_WARN_UNINITIALIZED_AUTOS = YES_AGGRESSIVE;
				IPHONEOS_DEPLOYMENT_TARGET = 17.0;
				SDKROOT = iphoneos;
				SWIFT_COMPILATION_MODE = wholemodule;
				VALIDATE_PRODUCT = YES;
			};
			name = Release;
		};
		BC1003 /* Debug */ = {
			isa = XCBuildConfiguration;
			buildSettings = {
				ASSETCATALOG_COMPILER_APPICON_NAME = AppIcon;
				ASSETCATALOG_COMPILER_GLOBAL_ACCENT_COLOR_NAME = AccentColor;
				CODE_SIGN_STYLE = Automatic;
				CURRENT_PROJECT_VERSION = 1;
				DEVELOPMENT_ASSET_PATHS = "\"WhatsInTheBox/Preview Content\"";
				ENABLE_PREVIEWS = YES;
				GENERATE_INFOPLIST_FILE = YES;
				INFOPLIST_KEY_UIApplicationSceneManifest_Generation = YES;
				INFOPLIST_KEY_UIApplicationSupportsIndirectInputEvents = YES;
				INFOPLIST_KEY_UILaunchScreen_Generation = YES;
				INFOPLIST_KEY_UISupportedInterfaceOrientations_iPad = "UIInterfaceOrientationPortrait UIInterfaceOrientationPortraitUpsideDown UIInterfaceOrientationLandscapeLeft UIInterfaceOrientationLandscapeRight";
				INFOPLIST_KEY_UISupportedInterfaceOrientations_iPhone = "UIInterfaceOrientationPortrait UIInterfaceOrientationLandscapeLeft UIInterfaceOrientationLandscapeRight";
				LD_RUNPATH_SEARCH_PATHS = (
					"$(inherited)",
					"@executable_path/Frameworks",
				);
				MARKETING_VERSION = 1.0;
				PRODUCT_BUNDLE_IDENTIFIER = com.keegs.WhatsInTheBox;
				PRODUCT_NAME = "$(TARGET_NAME)";
				SWIFT_EMIT_LOC_STRINGS = YES;
				SWIFT_VERSION = 5.0;
				TARGETED_DEVICE_FAMILY = "1,2";
			};
			name = Debug;
		};
		BC1004 /* Release */ = {
			isa = XCBuildConfiguration;
			buildSettings = {
				ASSETCATALOG_COMPILER_APPICON_NAME = AppIcon;
				ASSETCATALOG_COMPILER_GLOBAL_ACCENT_COLOR_NAME = AccentColor;
				CODE_SIGN_STYLE = Automatic;
				CURRENT_PROJECT_VERSION = 1;
				DEVELOPMENT_ASSET_PATHS = "\"WhatsInTheBox/Preview Content\"";
				ENABLE_PREVIEWS = YES;
				GENERATE_INFOPLIST_FILE = YES;
				INFOPLIST_KEY_UIApplicationSceneManifest_Generation = YES;
				INFOPLIST_KEY_UIApplicationSupportsIndirectInputEvents = YES;
				INFOPLIST_KEY_UILaunchScreen_Generation = YES;
				INFOPLIST_KEY_UISupportedInterfaceOrientations_iPad = "UIInterfaceOrientationPortrait UIInterfaceOrientationPortraitUpsideDown UIInterfaceOrientationLandscapeLeft UIInterfaceOrientationLandscapeRight";
				INFOPLIST_KEY_UISupportedInterfaceOrientations_iPhone = "UIInterfaceOrientationPortrait UIInterfaceOrientationLandscapeLeft UIInterfaceOrientationLandscapeRight";
				LD_RUNPATH_SEARCH_PATHS = (
					"$(inherited)",
					"@executable_path/Frameworks",
				);
				MARKETING_VERSION = 1.0;
				PRODUCT_BUNDLE_IDENTIFIER = com.keegs.WhatsInTheBox;
				PRODUCT_NAME = "$(TARGET_NAME)";
				SWIFT_EMIT_LOC_STRINGS = YES;
				SWIFT_VERSION = 5.0;
				TARGETED_DEVICE_FAMILY = "1,2";
			};
			name = Release;
		};
/* End XCBuildConfiguration section */

/* Begin XCConfigurationList section */
		X10001 /* Build configuration list for PBXProject "WhatsInTheBox" */ = {
			isa = XCConfigurationList;
			buildConfigurations = (
				BC1001 /* Debug */,
				BC1002 /* Release */,
			);
			defaultConfigurationIsVisible = 0;
			defaultConfigurationName = Release;
		};
		X10003 /* Build configuration list for PBXNativeTarget "WhatsInTheBox" */ = {
			isa = XCConfigurationList;
			buildConfigurations = (
				BC1003 /* Debug */,
				BC1004 /* Release */,
			);
			defaultConfigurationIsVisible = 0;
			defaultConfigurationName = Release;
		};
/* End XCConfigurationList section */

/* Begin XCRemoteSwiftPackageReference section */
		R10001 /* XCRemoteSwiftPackageReference "supabase-swift" */ = {
			isa = XCRemoteSwiftPackageReference;
			repositoryURL = "https://github.com/supabase/supabase-swift.git";
			requirement = {
				kind = upToNextMajorVersion;
				minimumVersion = 2.0.0;
			};
		};
/* End XCRemoteSwiftPackageReference section */

/* Begin XCSwiftPackageProductDependency section */
		D10001 /* Supabase */ = {
			isa = XCSwiftPackageProductDependency;
			package = R10001 /* XCRemoteSwiftPackageReference "supabase-swift" */;
			productName = Supabase;
		};
/* End XCSwiftPackageProductDependency section */
	};
	rootObject = P10001 /* Project object */;
}
